
Microsoft Visual Studio Solution File, Format Version 12.00
# Visual Studio 14
VisualStudioVersion = 14.0.25420.1
MinimumVisualStudioVersion = 10.0.40219.1
Project("{888888A0-9F3D-457C-B088-3A5042F75D52}") = "ConvolvutionImaging", "ConvolvutionImaging\ConvolvutionImaging.pyproj", "{7A303F18-CFBE-4F91-A8DF-1C0994A570C9}"
EndProject
Global
	GlobalSection(SolutionConfigurationPlatforms) = preSolution
		Debug|Any CPU = Debug|Any CPU
		Release|Any CPU = Release|Any CPU
	EndGlobalSection
	GlobalSection(ProjectConfigurationPlatforms) = postSolution
		{7A303F18-CFBE-4F91-A8DF-1C0994A570C9}.Debug|Any CPU.ActiveCfg = Debug|Any CPU
		{7A303F18-CFBE-4F91-A8DF-1C0994A570C9}.Release|Any CPU.ActiveCfg = Release|Any CPU
	EndGlobalSection
	GlobalSection(SolutionProperties) = preSolution
		HideSolutionNode = FALSE
	EndGlobalSection
EndGlobal
